
Microsoft Visual Studio Solution File, Format Version 12.00
# Visual Studio Version 16
VisualStudioVersion = 16.0.29418.71
MinimumVisualStudioVersion = 10.0.40219.1
Project("{6EC3EE1D-3C4E-46DD-8F32-0CC8E7565705}") = "App", "src\App.fsproj", "{E5DEFC96-37CF-4844-9C9E-CFA0A9A8AED3}"
EndProject
Project("{2150E333-8FDC-42A3-9474-1A3956D46DE8}") = "Solution Items", "Solution Items", "{BACD6DDA-A974-47EC-813A-4C76682A4536}"
	ProjectSection(SolutionItems) = preProject
		.gitattributes = .gitattributes
		.gitignore = .gitignore
		.config\dotnet-tools.json = .config\dotnet-tools.json
		package-lock.json = package-lock.json
		package.json = package.json
		README.md = README.md
		vite.config.js = vite.config.js
	EndProjectSection
EndProject
Project("{2150E333-8FDC-42A3-9474-1A3956D46DE8}") = "server", "server", "{DAD03CFC-D5FA-AC94-41C7-9ABAB326F09E}"
EndProject
Project("{F2A71F9B-5D33-465A-A702-920D77279786}") = "MyWebApi", "server\MyWebApi.fsproj", "{25FFD1AF-FC1D-4D04-B5B2-5F31CCCAF10B}"
EndProject
Project("{2150E333-8FDC-42A3-9474-1A3956D46DE8}") = "shared", "shared", "{4F52FD11-658E-A102-6CD3-7D7C16FFA15B}"
EndProject
Project("{F2A71F9B-5D33-465A-A702-920D77279786}") = "App.Shared", "shared\App.Shared.fsproj", "{622778AB-2E76-42D4-8DB7-71323D65A548}"
EndProject
Project("{2150E333-8FDC-42A3-9474-1A3956D46DE8}") = "tests", "tests", "{0AB3BF05-4346-4AA6-1389-037BE0695223}"
EndProject
Project("{F2A71F9B-5D33-465A-A702-920D77279786}") = "App.Tests", "tests\App.Tests\App.Tests.fsproj", "{2F6E1C0E-0FA6-49CB-A904-4DEE1D1AB4CC}"
EndProject
Project("{F2A71F9B-5D33-465A-A702-920D77279786}") = "MyWebApi.Tests", "tests\MyWebApi.Tests\MyWebApi.Tests.fsproj", "{C8F351F7-0AE1-41F1-8DE7-CC77FD889FB7}"
EndProject
Project("{F2A71F9B-5D33-465A-A702-920D77279786}") = "App.Shared.Tests", "tests\App.Shared.Tests\App.Shared.Tests.fsproj", "{DEEBF1BE-7290-498A-99A3-47C8A4BB63D6}"
EndProject
Global
	GlobalSection(SolutionConfigurationPlatforms) = preSolution
		Debug|Any CPU = Debug|Any CPU
		Debug|x64 = Debug|x64
		Debug|x86 = Debug|x86
		Release|Any CPU = Release|Any CPU
		Release|x64 = Release|x64
		Release|x86 = Release|x86
	EndGlobalSection
	GlobalSection(ProjectConfigurationPlatforms) = postSolution
		{E5DEFC96-37CF-4844-9C9E-CFA0A9A8AED3}.Debug|Any CPU.ActiveCfg = Debug|Any CPU
		{E5DEFC96-37CF-4844-9C9E-CFA0A9A8AED3}.Debug|Any CPU.Build.0 = Debug|Any CPU
		{E5DEFC96-37CF-4844-9C9E-CFA0A9A8AED3}.Debug|x64.ActiveCfg = Debug|Any CPU
		{E5DEFC96-37CF-4844-9C9E-CFA0A9A8AED3}.Debug|x64.Build.0 = Debug|Any CPU
		{E5DEFC96-37CF-4844-9C9E-CFA0A9A8AED3}.Debug|x86.ActiveCfg = Debug|Any CPU
		{E5DEFC96-37CF-4844-9C9E-CFA0A9A8AED3}.Debug|x86.Build.0 = Debug|Any CPU
		{E5DEFC96-37CF-4844-9C9E-CFA0A9A8AED3}.Release|Any CPU.ActiveCfg = Release|Any CPU
		{E5DEFC96-37CF-4844-9C9E-CFA0A9A8AED3}.Release|Any CPU.Build.0 = Release|Any CPU
		{E5DEFC96-37CF-4844-9C9E-CFA0A9A8AED3}.Release|x64.ActiveCfg = Release|Any CPU
		{E5DEFC96-37CF-4844-9C9E-CFA0A9A8AED3}.Release|x64.Build.0 = Release|Any CPU
		{E5DEFC96-37CF-4844-9C9E-CFA0A9A8AED3}.Release|x86.ActiveCfg = Release|Any CPU
		{E5DEFC96-37CF-4844-9C9E-CFA0A9A8AED3}.Release|x86.Build.0 = Release|Any CPU
		{25FFD1AF-FC1D-4D04-B5B2-5F31CCCAF10B}.Debug|Any CPU.ActiveCfg = Debug|Any CPU
		{25FFD1AF-FC1D-4D04-B5B2-5F31CCCAF10B}.Debug|Any CPU.Build.0 = Debug|Any CPU
		{25FFD1AF-FC1D-4D04-B5B2-5F31CCCAF10B}.Debug|x64.ActiveCfg = Debug|Any CPU
		{25FFD1AF-FC1D-4D04-B5B2-5F31CCCAF10B}.Debug|x64.Build.0 = Debug|Any CPU
		{25FFD1AF-FC1D-4D04-B5B2-5F31CCCAF10B}.Debug|x86.ActiveCfg = Debug|Any CPU
		{25FFD1AF-FC1D-4D04-B5B2-5F31CCCAF10B}.Debug|x86.Build.0 = Debug|Any CPU
		{25FFD1AF-FC1D-4D04-B5B2-5F31CCCAF10B}.Release|Any CPU.ActiveCfg = Release|Any CPU
		{25FFD1AF-FC1D-4D04-B5B2-5F31CCCAF10B}.Release|Any CPU.Build.0 = Release|Any CPU
		{25FFD1AF-FC1D-4D04-B5B2-5F31CCCAF10B}.Release|x64.ActiveCfg = Release|Any CPU
		{25FFD1AF-FC1D-4D04-B5B2-5F31CCCAF10B}.Release|x64.Build.0 = Release|Any CPU
		{25FFD1AF-FC1D-4D04-B5B2-5F31CCCAF10B}.Release|x86.ActiveCfg = Release|Any CPU
		{25FFD1AF-FC1D-4D04-B5B2-5F31CCCAF10B}.Release|x86.Build.0 = Release|Any CPU
		{622778AB-2E76-42D4-8DB7-71323D65A548}.Debug|Any CPU.ActiveCfg = Debug|Any CPU
		{622778AB-2E76-42D4-8DB7-71323D65A548}.Debug|Any CPU.Build.0 = Debug|Any CPU
		{622778AB-2E76-42D4-8DB7-71323D65A548}.Debug|x64.ActiveCfg = Debug|Any CPU
		{622778AB-2E76-42D4-8DB7-71323D65A548}.Debug|x64.Build.0 = Debug|Any CPU
		{622778AB-2E76-42D4-8DB7-71323D65A548}.Debug|x86.ActiveCfg = Debug|Any CPU
		{622778AB-2E76-42D4-8DB7-71323D65A548}.Debug|x86.Build.0 = Debug|Any CPU
		{622778AB-2E76-42D4-8DB7-71323D65A548}.Release|Any CPU.ActiveCfg = Release|Any CPU
		{622778AB-2E76-42D4-8DB7-71323D65A548}.Release|Any CPU.Build.0 = Release|Any CPU
		{622778AB-2E76-42D4-8DB7-71323D65A548}.Release|x64.ActiveCfg = Release|Any CPU
		{622778AB-2E76-42D4-8DB7-71323D65A548}.Release|x64.Build.0 = Release|Any CPU
		{622778AB-2E76-42D4-8DB7-71323D65A548}.Release|x86.ActiveCfg = Release|Any CPU
		{622778AB-2E76-42D4-8DB7-71323D65A548}.Release|x86.Build.0 = Release|Any CPU
		{2F6E1C0E-0FA6-49CB-A904-4DEE1D1AB4CC}.Debug|Any CPU.ActiveCfg = Debug|Any CPU
		{2F6E1C0E-0FA6-49CB-A904-4DEE1D1AB4CC}.Debug|Any CPU.Build.0 = Debug|Any CPU
		{2F6E1C0E-0FA6-49CB-A904-4DEE1D1AB4CC}.Debug|x64.ActiveCfg = Debug|Any CPU
		{2F6E1C0E-0FA6-49CB-A904-4DEE1D1AB4CC}.Debug|x64.Build.0 = Debug|Any CPU
		{2F6E1C0E-0FA6-49CB-A904-4DEE1D1AB4CC}.Debug|x86.ActiveCfg = Debug|Any CPU
		{2F6E1C0E-0FA6-49CB-A904-4DEE1D1AB4CC}.Debug|x86.Build.0 = Debug|Any CPU
		{2F6E1C0E-0FA6-49CB-A904-4DEE1D1AB4CC}.Release|Any CPU.ActiveCfg = Release|Any CPU
		{2F6E1C0E-0FA6-49CB-A904-4DEE1D1AB4CC}.Release|Any CPU.Build.0 = Release|Any CPU
		{2F6E1C0E-0FA6-49CB-A904-4DEE1D1AB4CC}.Release|x64.ActiveCfg = Release|Any CPU
		{2F6E1C0E-0FA6-49CB-A904-4DEE1D1AB4CC}.Release|x64.Build.0 = Release|Any CPU
		{2F6E1C0E-0FA6-49CB-A904-4DEE1D1AB4CC}.Release|x86.ActiveCfg = Release|Any CPU
		{2F6E1C0E-0FA6-49CB-A904-4DEE1D1AB4CC}.Release|x86.Build.0 = Release|Any CPU
		{C8F351F7-0AE1-41F1-8DE7-CC77FD889FB7}.Debug|Any CPU.ActiveCfg = Debug|Any CPU
		{C8F351F7-0AE1-41F1-8DE7-CC77FD889FB7}.Debug|Any CPU.Build.0 = Debug|Any CPU
		{C8F351F7-0AE1-41F1-8DE7-CC77FD889FB7}.Debug|x64.ActiveCfg = Debug|Any CPU
		{C8F351F7-0AE1-41F1-8DE7-CC77FD889FB7}.Debug|x64.Build.0 = Debug|Any CPU
		{C8F351F7-0AE1-41F1-8DE7-CC77FD889FB7}.Debug|x86.ActiveCfg = Debug|Any CPU
		{C8F351F7-0AE1-41F1-8DE7-CC77FD889FB7}.Debug|x86.Build.0 = Debug|Any CPU
		{C8F351F7-0AE1-41F1-8DE7-CC77FD889FB7}.Release|Any CPU.ActiveCfg = Release|Any CPU
		{C8F351F7-0AE1-41F1-8DE7-CC77FD889FB7}.Release|Any CPU.Build.0 = Release|Any CPU
		{C8F351F7-0AE1-41F1-8DE7-CC77FD889FB7}.Release|x64.ActiveCfg = Release|Any CPU
		{C8F351F7-0AE1-41F1-8DE7-CC77FD889FB7}.Release|x64.Build.0 = Release|Any CPU
		{C8F351F7-0AE1-41F1-8DE7-CC77FD889FB7}.Release|x86.ActiveCfg = Release|Any CPU
		{C8F351F7-0AE1-41F1-8DE7-CC77FD889FB7}.Release|x86.Build.0 = Release|Any CPU
		{DEEBF1BE-7290-498A-99A3-47C8A4BB63D6}.Debug|Any CPU.ActiveCfg = Debug|Any CPU
		{DEEBF1BE-7290-498A-99A3-47C8A4BB63D6}.Debug|Any CPU.Build.0 = Debug|Any CPU
		{DEEBF1BE-7290-498A-99A3-47C8A4BB63D6}.Debug|x64.ActiveCfg = Debug|Any CPU
		{DEEBF1BE-7290-498A-99A3-47C8A4BB63D6}.Debug|x64.Build.0 = Debug|Any CPU
		{DEEBF1BE-7290-498A-99A3-47C8A4BB63D6}.Debug|x86.ActiveCfg = Debug|Any CPU
		{DEEBF1BE-7290-498A-99A3-47C8A4BB63D6}.Debug|x86.Build.0 = Debug|Any CPU
		{DEEBF1BE-7290-498A-99A3-47C8A4BB63D6}.Release|Any CPU.ActiveCfg = Release|Any CPU
		{DEEBF1BE-7290-498A-99A3-47C8A4BB63D6}.Release|Any CPU.Build.0 = Release|Any CPU
		{DEEBF1BE-7290-498A-99A3-47C8A4BB63D6}.Release|x64.ActiveCfg = Release|Any CPU
		{DEEBF1BE-7290-498A-99A3-47C8A4BB63D6}.Release|x64.Build.0 = Release|Any CPU
		{DEEBF1BE-7290-498A-99A3-47C8A4BB63D6}.Release|x86.ActiveCfg = Release|Any CPU
		{DEEBF1BE-7290-498A-99A3-47C8A4BB63D6}.Release|x86.Build.0 = Release|Any CPU
	EndGlobalSection
	GlobalSection(SolutionProperties) = preSolution
		HideSolutionNode = FALSE
	EndGlobalSection
	GlobalSection(NestedProjects) = preSolution
		{25FFD1AF-FC1D-4D04-B5B2-5F31CCCAF10B} = {DAD03CFC-D5FA-AC94-41C7-9ABAB326F09E}
		{622778AB-2E76-42D4-8DB7-71323D65A548} = {4F52FD11-658E-A102-6CD3-7D7C16FFA15B}
		{2F6E1C0E-0FA6-49CB-A904-4DEE1D1AB4CC} = {0AB3BF05-4346-4AA6-1389-037BE0695223}
		{C8F351F7-0AE1-41F1-8DE7-CC77FD889FB7} = {0AB3BF05-4346-4AA6-1389-037BE0695223}
		{DEEBF1BE-7290-498A-99A3-47C8A4BB63D6} = {0AB3BF05-4346-4AA6-1389-037BE0695223}
	EndGlobalSection
	GlobalSection(ExtensibilityGlobals) = postSolution
		SolutionGuid = {10E8CD24-3EC2-4B88-AF25-F5807B4B92B9}
	EndGlobalSection
EndGlobal
